
Microsoft Visual Studio Solution File, Format Version 12.00
# Visual Studio 15
VisualStudioVersion = 15.0.28307.168
MinimumVisualStudioVersion = 10.0.40219.1
Project("{8BC9CEB8-8B4A-11D0-8D11-00A0C91BC942}") = "SDIZO1", "SDIZO1\SDIZO1.vcxproj", "{CCC4CEA5-1AA8-4440-B113-D0E1807075A2}"
EndProject
Global
	GlobalSection(SolutionConfigurationPlatforms) = preSolution
		Debug|x64 = Debug|x64
		Debug|x86 = Debug|x86
		Release|x64 = Release|x64
		Release|x86 = Release|x86
	EndGlobalSection
	GlobalSection(ProjectConfigurationPlatforms) = postSolution
		{CCC4CEA5-1AA8-4440-B113-D0E1807075A2}.Debug|x64.ActiveCfg = Debug|x64
		{CCC4CEA5-1AA8-4440-B113-D0E1807075A2}.Debug|x64.Build.0 = Debug|x64
		{CCC4CEA5-1AA8-4440-B113-D0E1807075A2}.Debug|x86.ActiveCfg = Debug|Win32
		{CCC4CEA5-1AA8-4440-B113-D0E1807075A2}.Debug|x86.Build.0 = Debug|Win32
		{CCC4CEA5-1AA8-4440-B113-D0E1807075A2}.Release|x64.ActiveCfg = Release|x64
		{CCC4CEA5-1AA8-4440-B113-D0E1807075A2}.Release|x64.Build.0 = Release|x64
		{CCC4CEA5-1AA8-4440-B113-D0E1807075A2}.Release|x86.ActiveCfg = Release|Win32
		{CCC4CEA5-1AA8-4440-B113-D0E1807075A2}.Release|x86.Build.0 = Release|Win32
	EndGlobalSection
	GlobalSection(SolutionProperties) = preSolution
		HideSolutionNode = FALSE
	EndGlobalSection
	GlobalSection(ExtensibilityGlobals) = postSolution
		SolutionGuid = {9617E6EE-E7A5-446D-984D-1630488674FE}
	EndGlobalSection
EndGlobal
