
Microsoft Visual Studio Solution File, Format Version 12.00
# Visual Studio 15
VisualStudioVersion = 15.0.28307.489
MinimumVisualStudioVersion = 10.0.40219.1
Project("{8BC9CEB8-8B4A-11D0-8D11-00A0C91BC942}") = "SDIZO2", "SDIZO2\SDIZO2.vcxproj", "{D8959CA7-25A4-4405-9C19-21E5244ABB7F}"
EndProject
Global
	GlobalSection(SolutionConfigurationPlatforms) = preSolution
		Debug|x64 = Debug|x64
		Debug|x86 = Debug|x86
		Release|x64 = Release|x64
		Release|x86 = Release|x86
	EndGlobalSection
	GlobalSection(ProjectConfigurationPlatforms) = postSolution
		{D8959CA7-25A4-4405-9C19-21E5244ABB7F}.Debug|x64.ActiveCfg = Debug|x64
		{D8959CA7-25A4-4405-9C19-21E5244ABB7F}.Debug|x64.Build.0 = Debug|x64
		{D8959CA7-25A4-4405-9C19-21E5244ABB7F}.Debug|x86.ActiveCfg = Debug|Win32
		{D8959CA7-25A4-4405-9C19-21E5244ABB7F}.Debug|x86.Build.0 = Debug|Win32
		{D8959CA7-25A4-4405-9C19-21E5244ABB7F}.Release|x64.ActiveCfg = Release|x64
		{D8959CA7-25A4-4405-9C19-21E5244ABB7F}.Release|x64.Build.0 = Release|x64
		{D8959CA7-25A4-4405-9C19-21E5244ABB7F}.Release|x86.ActiveCfg = Release|Win32
		{D8959CA7-25A4-4405-9C19-21E5244ABB7F}.Release|x86.Build.0 = Release|Win32
	EndGlobalSection
	GlobalSection(SolutionProperties) = preSolution
		HideSolutionNode = FALSE
	EndGlobalSection
	GlobalSection(ExtensibilityGlobals) = postSolution
		SolutionGuid = {CD2CBE90-84C5-4656-9139-23EC6C877EA7}
	EndGlobalSection
EndGlobal
